{
  "lockfileVersion": 1,
  "configVersion": 0,
  "workspaces": {
    "": {
      "name": "spacegateway",
      "devDependencies": {
        "@spaceskit/noise": "workspace:*",
        "@types/bun": "^1.3.9",
        "typescript": "^5.7.0",
      },
    },
    "packages/bootstrap": {
      "name": "@spaceskit/bootstrap",
      "version": "0.1.0",
      "bin": {
        "spaceskit-gateway": "src/index.ts",
      },
      "dependencies": {
        "@spaceskit/contracts": "*",
        "@spaceskit/core": "*",
        "@spaceskit/gateway-core": "*",
        "@spaceskit/mcp-ai-sdk": "*",
        "@spaceskit/observability": "*",
        "@spaceskit/persistence": "*",
        "@spaceskit/policy": "*",
        "@spaceskit/provider-runtime": "*",
        "@spaceskit/server": "*",
      },
      "devDependencies": {
        "@types/bun": "^1.2.0",
        "typescript": "^5.7.0",
      },
    },
    "packages/contracts": {
      "name": "@spaceskit/contracts",
      "version": "0.1.0",
      "dependencies": {
        "@bufbuild/protobuf": "^2.11.0",
        "@connectrpc/connect": "^2.1.1",
      },
      "devDependencies": {
        "typescript": "^5.7.0",
        "vitest": "^3.0.0",
      },
    },
    "packages/core": {
      "name": "@spaceskit/core",
      "version": "0.1.0",
      "dependencies": {
        "zod": "^3.24.0",
      },
      "devDependencies": {
        "typescript": "^5.7.0",
        "vitest": "^3.0.0",
      },
    },
    "packages/gateway-core": {
      "name": "@spaceskit/gateway-core",
      "version": "0.1.0",
      "devDependencies": {
        "typescript": "^5.7.0",
      },
    },
    "packages/installer": {
      "name": "spaceskit-gateway",
      "version": "0.1.0",
      "bin": {
        "spaceskit-gateway": "./bin/cli.ts",
      },
      "dependencies": {
        "@spaceskit/bootstrap": "workspace:*",
        "@spaceskit/core": "workspace:*",
        "@spaceskit/noise": "workspace:*",
        "@spaceskit/server": "workspace:*",
      },
      "devDependencies": {
        "@types/bun": "^1.3.9",
        "typescript": "^5.7.0",
      },
    },
    "packages/mcp-ai-sdk": {
      "name": "@spaceskit/mcp-ai-sdk",
      "version": "0.1.0",
      "dependencies": {
        "@ai-sdk/mcp": "^1.0.25",
        "@spaceskit/core": "*",
      },
      "devDependencies": {
        "@types/bun": "^1.2.0",
        "typescript": "^5.7.0",
      },
    },
    "packages/noise": {
      "name": "@spaceskit/noise",
      "version": "0.1.0",
      "devDependencies": {
        "@types/bun": "^1.3.9",
        "typescript": "^5.7.0",
      },
    },
    "packages/observability": {
      "name": "@spaceskit/observability",
      "version": "0.1.0",
      "dependencies": {
        "@spaceskit/core": "*",
      },
      "devDependencies": {
        "typescript": "^5.7.0",
        "vitest": "^3.0.0",
      },
    },
    "packages/persistence": {
      "name": "@spaceskit/persistence",
      "version": "0.1.0",
      "dependencies": {
        "@spaceskit/core": "*",
      },
      "devDependencies": {
        "@types/bun": "^1.2.0",
        "typescript": "^5.7.0",
      },
    },
    "packages/policy": {
      "name": "@spaceskit/policy",
      "version": "0.1.0",
      "dependencies": {
        "@spaceskit/core": "*",
      },
      "devDependencies": {
        "typescript": "^5.7.0",
        "vitest": "^3.0.0",
      },
    },
    "packages/provider-runtime": {
      "name": "@spaceskit/provider-runtime",
      "version": "0.1.0",
      "dependencies": {
        "@meridius-labs/apple-on-device-ai": "^1.6.2",
        "@spaceskit/core": "*",
      },
      "devDependencies": {
        "@types/bun": "^1.2.0",
        "typescript": "^5.7.0",
      },
    },
    "packages/server": {
      "name": "@spaceskit/server",
      "version": "0.1.0",
      "dependencies": {
        "@spaceskit/core": "*",
        "@spaceskit/observability": "*",
      },
      "devDependencies": {
        "@types/bun": "^1.2.0",
        "typescript": "^5.7.0",
      },
    },
  },
  "packages": {
    "@ai-sdk/gateway": ["@ai-sdk/gateway@2.0.55", "", { "dependencies": { "@ai-sdk/provider": "2.0.1", "@ai-sdk/provider-utils": "3.0.22", "@vercel/oidc": "3.1.0" }, "peerDependencies": { "zod": "^3.25.76 || ^4.1.8" } }, "sha512-YDSA2eIQOfByg2Cd1FDtulqYNRSvXzwlHQRHvTl2VbX7oTr+MmR1g/21i5RdK+o15irqB/5VQNVOB0zOVY828Q=="],

    "@ai-sdk/mcp": ["@ai-sdk/mcp@1.0.25", "", { "dependencies": { "@ai-sdk/provider": "3.0.8", "@ai-sdk/provider-utils": "4.0.19", "pkce-challenge": "^5.0.0" }, "peerDependencies": { "zod": "^3.25.76 || ^4.1.8" } }, "sha512-vMlXUPGHGDE2vzLcPR8sw7Dhz2OBjtPU5lB+lIuC1hNQo4REuUC08P0e96/hzBKf4oQYJ8Zo6uP8AG2qThyFbg=="],

    "@ai-sdk/provider": ["@ai-sdk/provider@3.0.8", "", { "dependencies": { "json-schema": "^0.4.0" } }, "sha512-oGMAgGoQdBXbZqNG0Ze56CHjDZ1IDYOwGYxYjO5KLSlz5HiNQ9udIXsPZ61VWaHGZ5XW/jyjmr6t2xz2jGVwbQ=="],

    "@ai-sdk/provider-utils": ["@ai-sdk/provider-utils@4.0.19", "", { "dependencies": { "@ai-sdk/provider": "3.0.8", "@standard-schema/spec": "^1.1.0", "eventsource-parser": "^3.0.6" }, "peerDependencies": { "zod": "^3.25.76 || ^4.1.8" } }, "sha512-3eG55CrSWCu2SXlqq2QCsFjo3+E7+Gmg7i/oRVoSZzIodTuDSfLb3MRje67xE9RFea73Zao7Lm4mADIfUETKGg=="],

    "@bufbuild/protobuf": ["@bufbuild/protobuf@2.11.0", "", {}, "sha512-sBXGT13cpmPR5BMgHE6UEEfEaShh5Ror6rfN3yEK5si7QVrtZg8LEPQb0VVhiLRUslD2yLnXtnRzG035J/mZXQ=="],

    "@connectrpc/connect": ["@connectrpc/connect@2.1.1", "", { "peerDependencies": { "@bufbuild/protobuf": "^2.7.0" } }, "sha512-JzhkaTvM73m2K1URT6tv53k2RwngSmCXLZJgK580qNQOXRzZRR/BCMfZw3h+90JpnG6XksP5bYT+cz0rpUzUWQ=="],

    "@esbuild/linux-arm64": ["@esbuild/linux-arm64@0.27.3", "", { "os": "linux", "cpu": "arm64" }, ""],

    "@jridgewell/sourcemap-codec": ["@jridgewell/sourcemap-codec@1.5.5", "", {}, ""],

    "@meridius-labs/apple-on-device-ai": ["@meridius-labs/apple-on-device-ai@1.6.2", "", { "dependencies": { "@ai-sdk/provider": "^2.0.0-beta.1", "@ai-sdk/provider-utils": "^3.0.0-beta.5", "@types/json-schema": "^7.0.15", "ai": "^5.0.0-beta.25", "h3": "^1.15.3", "json-schema": "^0.4.0", "zod-to-json-schema": "^3.24.5" }, "peerDependencies": { "zod": "^3.25.67" }, "optionalPeers": ["zod"], "os": "darwin", "cpu": "arm64" }, "sha512-t8xhFp6prAcxtiinMJGUVW+2G7TL0B0DVRTiP28soE4Xl0NtbxX16fbUVuOZU+rd0Tgm8UmVtzdH4b8xha41Ng=="],

    "@opentelemetry/api": ["@opentelemetry/api@1.9.0", "", {}, "sha512-3giAOQvZiH5F9bMlMiv8+GSPMeqg0dbaeo58/0SlA9sxSqZhnUtxzX9/2FzyhS9sWQf5S0GJE0AKBrFqjpeYcg=="],

    "@rollup/rollup-linux-arm64-gnu": ["@rollup/rollup-linux-arm64-gnu@4.58.0", "", { "os": "linux", "cpu": "arm64" }, ""],

    "@spaceskit/bootstrap": ["@spaceskit/bootstrap@workspace:packages/bootstrap"],

    "@spaceskit/contracts": ["@spaceskit/contracts@workspace:packages/contracts"],

    "@spaceskit/core": ["@spaceskit/core@workspace:packages/core"],

    "@spaceskit/gateway-core": ["@spaceskit/gateway-core@workspace:packages/gateway-core"],

    "@spaceskit/mcp-ai-sdk": ["@spaceskit/mcp-ai-sdk@workspace:packages/mcp-ai-sdk"],

    "@spaceskit/noise": ["@spaceskit/noise@workspace:packages/noise"],

    "@spaceskit/observability": ["@spaceskit/observability@workspace:packages/observability"],

    "@spaceskit/persistence": ["@spaceskit/persistence@workspace:packages/persistence"],

    "@spaceskit/policy": ["@spaceskit/policy@workspace:packages/policy"],

    "@spaceskit/provider-runtime": ["@spaceskit/provider-runtime@workspace:packages/provider-runtime"],

    "@spaceskit/server": ["@spaceskit/server@workspace:packages/server"],

    "@standard-schema/spec": ["@standard-schema/spec@1.1.0", "", {}, "sha512-l2aFy5jALhniG5HgqrD6jXLi/rUWrKvqN/qJx6yoJsgKhblVd+iqqU4RCXavm/jPityDo5TCvKMnpjKnOriy0w=="],

    "@types/bun": ["@types/bun@1.3.9", "", { "dependencies": { "bun-types": "1.3.9" } }, "sha512-KQ571yULOdWJiMH+RIWIOZ7B2RXQGpL1YQrBtLIV3FqDcCu6FsbFUBwhdKUlCKUpS3PJDsHlJ1QKlpxoVR+xtw=="],

    "@types/chai": ["@types/chai@5.2.3", "", { "dependencies": { "@types/deep-eql": "*", "assertion-error": "^2.0.1" } }, ""],

    "@types/deep-eql": ["@types/deep-eql@4.0.2", "", {}, ""],

    "@types/estree": ["@types/estree@1.0.8", "", {}, ""],

    "@types/json-schema": ["@types/json-schema@7.0.15", "", {}, "sha512-5+fP8P8MFNC+AyZCDxrB2pkZFPGzqQWUzpSeuuVLvm8VMcorNYavBqoFcxK8bQz4Qsbn4oUEEem4wDLfcysGHA=="],

    "@types/node": ["@types/node@25.3.0", "", { "dependencies": { "undici-types": "~7.18.0" } }, "sha512-4K3bqJpXpqfg2XKGK9bpDTc6xO/xoUP/RBWS7AtRMug6zZFaRekiLzjVtAoZMquxoAbzBvy5nxQ7veS5eYzf8A=="],

    "@vercel/oidc": ["@vercel/oidc@3.1.0", "", {}, "sha512-Fw28YZpRnA3cAHHDlkt7xQHiJ0fcL+NRcIqsocZQUSmbzeIKRpwttJjik5ZGanXP+vlA4SbTg+AbA3bP363l+w=="],

    "@vitest/expect": ["@vitest/expect@3.2.4", "", { "dependencies": { "@types/chai": "^5.2.2", "@vitest/spy": "3.2.4", "@vitest/utils": "3.2.4", "chai": "^5.2.0", "tinyrainbow": "^2.0.0" } }, ""],

    "@vitest/mocker": ["@vitest/mocker@3.2.4", "", { "dependencies": { "@vitest/spy": "3.2.4", "estree-walker": "^3.0.3", "magic-string": "^0.30.17" }, "peerDependencies": { "msw": "^2.4.9", "vite": "^5.0.0 || ^6.0.0 || ^7.0.0-0" }, "optionalPeers": ["msw"] }, ""],

    "@vitest/pretty-format": ["@vitest/pretty-format@3.2.4", "", { "dependencies": { "tinyrainbow": "^2.0.0" } }, ""],

    "@vitest/runner": ["@vitest/runner@3.2.4", "", { "dependencies": { "@vitest/utils": "3.2.4", "pathe": "^2.0.3", "strip-literal": "^3.0.0" } }, ""],

    "@vitest/snapshot": ["@vitest/snapshot@3.2.4", "", { "dependencies": { "@vitest/pretty-format": "3.2.4", "magic-string": "^0.30.17", "pathe": "^2.0.3" } }, ""],

    "@vitest/spy": ["@vitest/spy@3.2.4", "", { "dependencies": { "tinyspy": "^4.0.3" } }, ""],

    "@vitest/utils": ["@vitest/utils@3.2.4", "", { "dependencies": { "@vitest/pretty-format": "3.2.4", "loupe": "^3.1.4", "tinyrainbow": "^2.0.0" } }, ""],

    "ai": ["ai@5.0.150", "", { "dependencies": { "@ai-sdk/gateway": "2.0.55", "@ai-sdk/provider": "2.0.1", "@ai-sdk/provider-utils": "3.0.22", "@opentelemetry/api": "1.9.0" }, "peerDependencies": { "zod": "^3.25.76 || ^4.1.8" } }, "sha512-a1tY3kt6NVDKU3ZTdVWDu0RwHpwXCKG0qVzqDVI6kkwnlKFvQRJsq7mPYjI0YSWFkt5DjL/Aq9NrDY4FhgUTyQ=="],

    "assertion-error": ["assertion-error@2.0.1", "", {}, ""],

    "bun-types": ["bun-types@1.3.9", "", { "dependencies": { "@types/node": "*" } }, "sha512-+UBWWOakIP4Tswh0Bt0QD0alpTY8cb5hvgiYeWCMet9YukHbzuruIEeXC2D7nMJPB12kbh8C7XJykSexEqGKJg=="],

    "cac": ["cac@6.7.14", "", {}, ""],

    "chai": ["chai@5.3.3", "", { "dependencies": { "assertion-error": "^2.0.1", "check-error": "^2.1.1", "deep-eql": "^5.0.1", "loupe": "^3.1.0", "pathval": "^2.0.0" } }, ""],

    "check-error": ["check-error@2.1.3", "", {}, ""],

    "cookie-es": ["cookie-es@1.2.2", "", {}, "sha512-+W7VmiVINB+ywl1HGXJXmrqkOhpKrIiVZV6tQuV54ZyQC7MMuBt81Vc336GMLoHBq5hV/F9eXgt5Mnx0Rha5Fg=="],

    "crossws": ["crossws@0.3.5", "", { "dependencies": { "uncrypto": "^0.1.3" } }, "sha512-ojKiDvcmByhwa8YYqbQI/hg7MEU0NC03+pSdEq4ZUnZR9xXpwk7E43SMNGkn+JxJGPFtNvQ48+vV2p+P1ml5PA=="],

    "debug": ["debug@4.4.3", "", { "dependencies": { "ms": "^2.1.3" } }, ""],

    "deep-eql": ["deep-eql@5.0.2", "", {}, ""],

    "defu": ["defu@6.1.4", "", {}, "sha512-mEQCMmwJu317oSz8CwdIOdwf3xMif1ttiM8LTufzc3g6kR+9Pe236twL8j3IYT1F7GfRgGcW6MWxzZjLIkuHIg=="],

    "destr": ["destr@2.0.5", "", {}, "sha512-ugFTXCtDZunbzasqBxrK93Ik/DRYsO6S/fedkWEMKqt04xZ4csmnmwGDBAb07QWNaGMAmnTIemsYZCksjATwsA=="],

    "es-module-lexer": ["es-module-lexer@1.7.0", "", {}, ""],

    "esbuild": ["esbuild@0.27.3", "", { "optionalDependencies": { "@esbuild/linux-arm64": "0.27.3" }, "bin": "bin/esbuild" }, ""],

    "estree-walker": ["estree-walker@3.0.3", "", { "dependencies": { "@types/estree": "^1.0.0" } }, ""],

    "eventsource-parser": ["eventsource-parser@3.0.6", "", {}, "sha512-Vo1ab+QXPzZ4tCa8SwIHJFaSzy4R6SHf7BY79rFBDf0idraZWAkYrDjDj8uWaSm3S2TK+hJ7/t1CEmZ7jXw+pg=="],

    "expect-type": ["expect-type@1.3.0", "", {}, ""],

    "fdir": ["fdir@6.5.0", "", { "peerDependencies": { "picomatch": "^3 || ^4" } }, ""],

    "h3": ["h3@1.15.5", "", { "dependencies": { "cookie-es": "^1.2.2", "crossws": "^0.3.5", "defu": "^6.1.4", "destr": "^2.0.5", "iron-webcrypto": "^1.2.1", "node-mock-http": "^1.0.4", "radix3": "^1.1.2", "ufo": "^1.6.3", "uncrypto": "^0.1.3" } }, "sha512-xEyq3rSl+dhGX2Lm0+eFQIAzlDN6Fs0EcC4f7BNUmzaRX/PTzeuM+Tr2lHB8FoXggsQIeXLj8EDVgs5ywxyxmg=="],

    "iron-webcrypto": ["iron-webcrypto@1.2.1", "", {}, "sha512-feOM6FaSr6rEABp/eDfVseKyTMDt+KGpeB35SkVn9Tyn0CqvVsY3EwI0v5i8nMHyJnzCIQf7nsy3p41TPkJZhg=="],

    "js-tokens": ["js-tokens@9.0.1", "", {}, ""],

    "json-schema": ["json-schema@0.4.0", "", {}, "sha512-es94M3nTIfsEPisRafak+HDLfHXnKBhV3vU5eqPcS3flIWqcxJWgXHXiey3YrpaNsanY5ei1VoYEbOzijuq9BA=="],

    "loupe": ["loupe@3.2.1", "", {}, ""],

    "magic-string": ["magic-string@0.30.21", "", { "dependencies": { "@jridgewell/sourcemap-codec": "^1.5.5" } }, ""],

    "ms": ["ms@2.1.3", "", {}, ""],

    "nanoid": ["nanoid@3.3.11", "", { "bin": "bin/nanoid.cjs" }, ""],

    "node-mock-http": ["node-mock-http@1.0.4", "", {}, "sha512-8DY+kFsDkNXy1sJglUfuODx1/opAGJGyrTuFqEoN90oRc2Vk0ZbD4K2qmKXBBEhZQzdKHIVfEJpDU8Ak2NJEvQ=="],

    "pathe": ["pathe@2.0.3", "", {}, ""],

    "pathval": ["pathval@2.0.1", "", {}, ""],

    "picocolors": ["picocolors@1.1.1", "", {}, ""],

    "picomatch": ["picomatch@4.0.3", "", {}, ""],

    "pkce-challenge": ["pkce-challenge@5.0.1", "", {}, "sha512-wQ0b/W4Fr01qtpHlqSqspcj3EhBvimsdh0KlHhH8HRZnMsEa0ea2fTULOXOS9ccQr3om+GcGRk4e+isrZWV8qQ=="],

    "postcss": ["postcss@8.5.6", "", { "dependencies": { "nanoid": "^3.3.11", "picocolors": "^1.1.1", "source-map-js": "^1.2.1" } }, ""],

    "radix3": ["radix3@1.1.2", "", {}, "sha512-b484I/7b8rDEdSDKckSSBA8knMpcdsXudlE/LNL639wFoHKwLbEkQFZHWEYwDC0wa0FKUcCY+GAF73Z7wxNVFA=="],

    "rollup": ["rollup@4.58.0", "", { "dependencies": { "@types/estree": "1.0.8" }, "optionalDependencies": { "@rollup/rollup-linux-arm64-gnu": "4.58.0" }, "bin": "dist/bin/rollup" }, ""],

    "siginfo": ["siginfo@2.0.0", "", {}, ""],

    "source-map-js": ["source-map-js@1.2.1", "", {}, ""],

    "spaceskit-gateway": ["spaceskit-gateway@workspace:packages/installer"],

    "stackback": ["stackback@0.0.2", "", {}, ""],

    "std-env": ["std-env@3.10.0", "", {}, ""],

    "strip-literal": ["strip-literal@3.1.0", "", { "dependencies": { "js-tokens": "^9.0.1" } }, ""],

    "tinybench": ["tinybench@2.9.0", "", {}, ""],

    "tinyexec": ["tinyexec@0.3.2", "", {}, ""],

    "tinyglobby": ["tinyglobby@0.2.15", "", { "dependencies": { "fdir": "^6.5.0", "picomatch": "^4.0.3" } }, ""],

    "tinypool": ["tinypool@1.1.1", "", {}, ""],

    "tinyrainbow": ["tinyrainbow@2.0.0", "", {}, ""],

    "tinyspy": ["tinyspy@4.0.4", "", {}, ""],

    "typescript": ["typescript@5.9.3", "", { "bin": { "tsc": "bin/tsc", "tsserver": "bin/tsserver" } }, ""],

    "ufo": ["ufo@1.6.3", "", {}, "sha512-yDJTmhydvl5lJzBmy/hyOAA0d+aqCBuwl818haVdYCRrWV84o7YyeVm4QlVHStqNrrJSTb6jKuFAVqAFsr+K3Q=="],

    "uncrypto": ["uncrypto@0.1.3", "", {}, "sha512-Ql87qFHB3s/De2ClA9e0gsnS6zXG27SkTiSJwjCc9MebbfapQfuPzumMIUMi38ezPZVNFcHI9sUIepeQfw8J8Q=="],

    "undici-types": ["undici-types@7.18.2", "", {}, "sha512-AsuCzffGHJybSaRrmr5eHr81mwJU3kjw6M+uprWvCXiNeN9SOGwQ3Jn8jb8m3Z6izVgknn1R0FTCEAP2QrLY/w=="],

    "vite": ["vite@7.3.1", "", { "dependencies": { "esbuild": "^0.27.0", "fdir": "^6.5.0", "picomatch": "^4.0.3", "postcss": "^8.5.6", "rollup": "^4.43.0", "tinyglobby": "^0.2.15" }, "peerDependencies": { "@types/node": "^20.19.0 || >=22.12.0", "jiti": ">=1.21.0", "less": "^4.0.0", "lightningcss": "^1.21.0", "sass": "^1.70.0", "sass-embedded": "^1.70.0", "stylus": ">=0.54.8", "sugarss": "^5.0.0", "terser": "^5.16.0", "tsx": "^4.8.1", "yaml": "^2.4.2" }, "optionalPeers": ["jiti", "less", "lightningcss", "sass", "sass-embedded", "stylus", "sugarss", "terser", "tsx", "yaml"], "bin": "bin/vite.js" }, ""],

    "vite-node": ["vite-node@3.2.4", "", { "dependencies": { "cac": "^6.7.14", "debug": "^4.4.1", "es-module-lexer": "^1.7.0", "pathe": "^2.0.3", "vite": "^5.0.0 || ^6.0.0 || ^7.0.0-0" }, "bin": "vite-node.mjs" }, ""],

    "vitest": ["vitest@3.2.4", "", { "dependencies": { "@types/chai": "^5.2.2", "@vitest/expect": "3.2.4", "@vitest/mocker": "3.2.4", "@vitest/pretty-format": "^3.2.4", "@vitest/runner": "3.2.4", "@vitest/snapshot": "3.2.4", "@vitest/spy": "3.2.4", "@vitest/utils": "3.2.4", "chai": "^5.2.0", "debug": "^4.4.1", "expect-type": "^1.2.1", "magic-string": "^0.30.17", "pathe": "^2.0.3", "picomatch": "^4.0.2", "std-env": "^3.9.0", "tinybench": "^2.9.0", "tinyexec": "^0.3.2", "tinyglobby": "^0.2.14", "tinypool": "^1.1.1", "tinyrainbow": "^2.0.0", "vite": "^5.0.0 || ^6.0.0 || ^7.0.0-0", "vite-node": "3.2.4", "why-is-node-running": "^2.3.0" }, "peerDependencies": { "@edge-runtime/vm": "*", "@types/debug": "^4.1.12", "@types/node": "^18.0.0 || ^20.0.0 || >=22.0.0", "@vitest/browser": "3.2.4", "@vitest/ui": "3.2.4", "happy-dom": "*", "jsdom": "*" }, "optionalPeers": ["@edge-runtime/vm", "@types/debug", "@vitest/browser", "@vitest/ui", "happy-dom", "jsdom"], "bin": "vitest.mjs" }, ""],

    "why-is-node-running": ["why-is-node-running@2.3.0", "", { "dependencies": { "siginfo": "^2.0.0", "stackback": "0.0.2" }, "bin": "cli.js" }, ""],

    "zod": ["zod@3.25.76", "", {}, ""],

    "zod-to-json-schema": ["zod-to-json-schema@3.25.1", "", { "peerDependencies": { "zod": "^3.25 || ^4" } }, "sha512-pM/SU9d3YAggzi6MtR4h7ruuQlqKtad8e9S0fmxcMi+ueAK5Korys/aWcV9LIIHTVbj01NdzxcnXSN+O74ZIVA=="],

    "@ai-sdk/gateway/@ai-sdk/provider": ["@ai-sdk/provider@2.0.1", "", { "dependencies": { "json-schema": "^0.4.0" } }, "sha512-KCUwswvsC5VsW2PWFqF8eJgSCu5Ysj7m1TxiHTVA6g7k360bk0RNQENT8KTMAYEs+8fWPD3Uu4dEmzGHc+jGng=="],

    "@ai-sdk/gateway/@ai-sdk/provider-utils": ["@ai-sdk/provider-utils@3.0.22", "", { "dependencies": { "@ai-sdk/provider": "2.0.1", "@standard-schema/spec": "^1.0.0", "eventsource-parser": "^3.0.6" }, "peerDependencies": { "zod": "^3.25.76 || ^4.1.8" } }, "sha512-fFT1KfUUKktfAFm5mClJhS1oux9tP2qgzmEZVl5UdwltQ1LO/s8hd7znVrgKzivwv1s1FIPza0s9OpJaNB/vHw=="],

    "@meridius-labs/apple-on-device-ai/@ai-sdk/provider": ["@ai-sdk/provider@2.0.1", "", { "dependencies": { "json-schema": "^0.4.0" } }, "sha512-KCUwswvsC5VsW2PWFqF8eJgSCu5Ysj7m1TxiHTVA6g7k360bk0RNQENT8KTMAYEs+8fWPD3Uu4dEmzGHc+jGng=="],

    "@meridius-labs/apple-on-device-ai/@ai-sdk/provider-utils": ["@ai-sdk/provider-utils@3.0.22", "", { "dependencies": { "@ai-sdk/provider": "2.0.1", "@standard-schema/spec": "^1.0.0", "eventsource-parser": "^3.0.6" }, "peerDependencies": { "zod": "^3.25.76 || ^4.1.8" } }, "sha512-fFT1KfUUKktfAFm5mClJhS1oux9tP2qgzmEZVl5UdwltQ1LO/s8hd7znVrgKzivwv1s1FIPza0s9OpJaNB/vHw=="],

    "ai/@ai-sdk/provider": ["@ai-sdk/provider@2.0.1", "", { "dependencies": { "json-schema": "^0.4.0" } }, "sha512-KCUwswvsC5VsW2PWFqF8eJgSCu5Ysj7m1TxiHTVA6g7k360bk0RNQENT8KTMAYEs+8fWPD3Uu4dEmzGHc+jGng=="],

    "ai/@ai-sdk/provider-utils": ["@ai-sdk/provider-utils@3.0.22", "", { "dependencies": { "@ai-sdk/provider": "2.0.1", "@standard-schema/spec": "^1.0.0", "eventsource-parser": "^3.0.6" }, "peerDependencies": { "zod": "^3.25.76 || ^4.1.8" } }, "sha512-fFT1KfUUKktfAFm5mClJhS1oux9tP2qgzmEZVl5UdwltQ1LO/s8hd7znVrgKzivwv1s1FIPza0s9OpJaNB/vHw=="],
  }
}
